
Microsoft Visual Studio Solution File, Format Version 12.00
# Visual Studio 15
Project("{FAE04EC0-301F-11D3-BF4B-00C04F79EFBC}") = "Assembly-CSharp", "Assembly-CSharp.csproj", "{2E3A31A4-F7D8-19D1-18F6-E270EC5E8CF6}"
EndProject
Project("{FAE04EC0-301F-11D3-BF4B-00C04F79EFBC}") = "Assembly-CSharp-Editor", "Assembly-CSharp-Editor.csproj", "{4DBC1901-78D8-0A2D-DF9D-642DFA62AF33}"
EndProject
Global
	GlobalSection(SolutionConfigurationPlatforms) = preSolution
		Debug|Any CPU = Debug|Any CPU
		Release|Any CPU = Release|Any CPU
	EndGlobalSection
	GlobalSection(ProjectConfigurationPlatforms) = postSolution
		{2E3A31A4-F7D8-19D1-18F6-E270EC5E8CF6}.Debug|Any CPU.ActiveCfg = Debug|Any CPU
		{2E3A31A4-F7D8-19D1-18F6-E270EC5E8CF6}.Debug|Any CPU.Build.0 = Debug|Any CPU
		{2E3A31A4-F7D8-19D1-18F6-E270EC5E8CF6}.Release|Any CPU.ActiveCfg = Release|Any CPU
		{2E3A31A4-F7D8-19D1-18F6-E270EC5E8CF6}.Release|Any CPU.Build.0 = Release|Any CPU
		{4DBC1901-78D8-0A2D-DF9D-642DFA62AF33}.Debug|Any CPU.ActiveCfg = Debug|Any CPU
		{4DBC1901-78D8-0A2D-DF9D-642DFA62AF33}.Debug|Any CPU.Build.0 = Debug|Any CPU
		{4DBC1901-78D8-0A2D-DF9D-642DFA62AF33}.Release|Any CPU.ActiveCfg = Release|Any CPU
		{4DBC1901-78D8-0A2D-DF9D-642DFA62AF33}.Release|Any CPU.Build.0 = Release|Any CPU
	EndGlobalSection
	GlobalSection(SolutionProperties) = preSolution
		HideSolutionNode = FALSE
	EndGlobalSection
EndGlobal
